
Microsoft Visual Studio Solution File, Format Version 12.00
# Visual Studio Version 17
VisualStudioVersion = 17.2.32630.192
MinimumVisualStudioVersion = 10.0.40219.1
Project("{FAE04EC0-301F-11D3-BF4B-00C04F79EFBC}") = "Laboratorul 10", "Laboratorul 10\Laboratorul 10.csproj", "{A470988A-B293-461F-B6B0-14E99087FA20}"
EndProject
Global
	GlobalSection(SolutionConfigurationPlatforms) = preSolution
		Debug|Any CPU = Debug|Any CPU
		Release|Any CPU = Release|Any CPU
	EndGlobalSection
	GlobalSection(ProjectConfigurationPlatforms) = postSolution
		{A470988A-B293-461F-B6B0-14E99087FA20}.Debug|Any CPU.ActiveCfg = Debug|Any CPU
		{A470988A-B293-461F-B6B0-14E99087FA20}.Debug|Any CPU.Build.0 = Debug|Any CPU
		{A470988A-B293-461F-B6B0-14E99087FA20}.Release|Any CPU.ActiveCfg = Release|Any CPU
		{A470988A-B293-461F-B6B0-14E99087FA20}.Release|Any CPU.Build.0 = Release|Any CPU
	EndGlobalSection
	GlobalSection(SolutionProperties) = preSolution
		HideSolutionNode = FALSE
	EndGlobalSection
	GlobalSection(ExtensibilityGlobals) = postSolution
		SolutionGuid = {E200BACA-77EF-4163-8117-61A2BFACFB1E}
	EndGlobalSection
EndGlobal
